{
  "nodes": {
    "home-manager": {
      "inputs": {
        "nixpkgs": [
          "nixpkgs"
        ]
      },
      "locked": {
        "lastModified": 1710888565,
        "narHash": "sha256-s9Hi4RHhc6yut4EcYD50sZWRDKsugBJHSbON8KFwoTw=",
        "owner": "nix-community",
        "repo": "home-manager",
        "rev": "f33900124c23c4eca5831b9b5eb32ea5894375ce",
        "type": "github"
      },
      "original": {
        "owner": "nix-community",
        "ref": "release-23.11",
        "repo": "home-manager",
        "type": "github"
      }
    },
    "nixos-fonts": {
      "inputs": {
        "nixpkgs": [
          "nixpkgs"
        ]
      },
      "locked": {
        "lastModified": 1711026932,
        "narHash": "sha256-lXX41b7WgrPwy2MlSrskcbaVJPz6gjtEuCgVznGIjgE=",
        "path": "/home/naoki/dev/nixos-fonts",
        "type": "path"
      },
      "original": {
        "path": "/home/naoki/dev/nixos-fonts",
        "type": "path"
      }
    },
    "nixpkgs": {
      "locked": {
        "lastModified": 1710951922,
        "narHash": "sha256-FOOBJ3DQenLpTNdxMHR2CpGZmYuctb92gF0lpiirZ30=",
        "owner": "NixOS",
        "repo": "nixpkgs",
        "rev": "f091af045dff8347d66d186a62d42aceff159456",
        "type": "github"
      },
      "original": {
        "owner": "NixOS",
        "ref": "nixos-23.11",
        "repo": "nixpkgs",
        "type": "github"
      }
    },
    "root": {
      "inputs": {
        "home-manager": "home-manager",
        "nixos-fonts": "nixos-fonts",
        "nixpkgs": "nixpkgs"
      }
    }
  },
  "root": "root",
  "version": 7
}
